// !$*UTF8*$!
{
	archiveVersion = 1;
	classes = {
	};
	objectVersion = 50;
	objects = {

/* Begin PBXBuildFile section */
		DDFB42E2259F35C1008E87D4 /* AppDelegate.swift in Sources */ = {isa = PBXBuildFile; fileRef = DDFB42E1259F35C1008E87D4 /* AppDelegate.swift */; };
		DDFB42E4259F35C1008E87D4 /* SceneDelegate.swift in Sources */ = {isa = PBXBuildFile; fileRef = DDFB42E3259F35C1008E87D4 /* SceneDelegate.swift */; };
		DDFB42EB259F35C4008E87D4 /* Preview Assets.xcassets in Resources */ = {isa = PBXBuildFile; fileRef = DDFB42EA259F35C4008E87D4 /* Preview Assets.xcassets */; };
		DDFB42EE259F35C4008E87D4 /* LaunchScreen.storyboard in Resources */ = {isa = PBXBuildFile; fileRef = DDFB42EC259F35C4008E87D4 /* LaunchScreen.storyboard */; };
		DDFB42F8259F3608008E87D4 /* ContentView.swift in Sources */ = {isa = PBXBuildFile; fileRef = DDFB42F7259F3608008E87D4 /* ContentView.swift */; };
		DDFB42FB259F3618008E87D4 /* Helper.swift in Sources */ = {isa = PBXBuildFile; fileRef = DDFB42FA259F3618008E87D4 /* Helper.swift */; };
		DDFB42FF259F362A008E87D4 /* Order.swift in Sources */ = {isa = PBXBuildFile; fileRef = DDFB42FD259F362A008E87D4 /* Order.swift */; };
		DDFB4300259F362A008E87D4 /* Menu.swift in Sources */ = {isa = PBXBuildFile; fileRef = DDFB42FE259F362A008E87D4 /* Menu.swift */; };
		DDFB4303259F3633008E87D4 /* menu.json in Resources */ = {isa = PBXBuildFile; fileRef = DDFB4302259F3633008E87D4 /* menu.json */; };
		DDFB4307259F364B008E87D4 /* ItemDetails.swift in Sources */ = {isa = PBXBuildFile; fileRef = DDFB4305259F364B008E87D4 /* ItemDetails.swift */; };
		DDFB4308259F364B008E87D4 /* ItemRow.swift in Sources */ = {isa = PBXBuildFile; fileRef = DDFB4306259F364B008E87D4 /* ItemRow.swift */; };
		DDFB430D259F371E008E87D4 /* Assets.xcassets in Resources */ = {isa = PBXBuildFile; fileRef = DDFB430C259F371E008E87D4 /* Assets.xcassets */; };
		DDFB4310259F41F9008E87D4 /* OrderView.swift in Sources */ = {isa = PBXBuildFile; fileRef = DDFB430F259F41F9008E87D4 /* OrderView.swift */; };
/* End PBXBuildFile section */

/* Begin PBXFileReference section */
		DDFB42DE259F35C1008E87D4 /* SwiftUI-iDine.app */ = {isa = PBXFileReference; explicitFileType = wrapper.application; includeInIndex = 0; path = "SwiftUI-iDine.app"; sourceTree = BUILT_PRODUCTS_DIR; };
		DDFB42E1259F35C1008E87D4 /* AppDelegate.swift */ = {isa = PBXFileReference; lastKnownFileType = sourcecode.swift; path = AppDelegate.swift; sourceTree = "<group>"; };
		DDFB42E3259F35C1008E87D4 /* SceneDelegate.swift */ = {isa = PBXFileReference; lastKnownFileType = sourcecode.swift; path = SceneDelegate.swift; sourceTree = "<group>"; };
		DDFB42EA259F35C4008E87D4 /* Preview Assets.xcassets */ = {isa = PBXFileReference; lastKnownFileType = folder.assetcatalog; path = "Preview Assets.xcassets"; sourceTree = "<group>"; };
		DDFB42ED259F35C4008E87D4 /* Base */ = {isa = PBXFileReference; lastKnownFileType = file.storyboard; name = Base; path = Base.lproj/LaunchScreen.storyboard; sourceTree = "<group>"; };
		DDFB42EF259F35C4008E87D4 /* Info.plist */ = {isa = PBXFileReference; lastKnownFileType = text.plist.xml; path = Info.plist; sourceTree = "<group>"; };
		DDFB42F7259F3608008E87D4 /* ContentView.swift */ = {isa = PBXFileReference; fileEncoding = 4; lastKnownFileType = sourcecode.swift; path = ContentView.swift; sourceTree = "<group>"; };
		DDFB42FA259F3618008E87D4 /* Helper.swift */ = {isa = PBXFileReference; fileEncoding = 4; lastKnownFileType = sourcecode.swift; path = Helper.swift; sourceTree = "<group>"; };
		DDFB42FD259F362A008E87D4 /* Order.swift */ = {isa = PBXFileReference; fileEncoding = 4; lastKnownFileType = sourcecode.swift; path = Order.swift; sourceTree = "<group>"; };
		DDFB42FE259F362A008E87D4 /* Menu.swift */ = {isa = PBXFileReference; fileEncoding = 4; lastKnownFileType = sourcecode.swift; path = Menu.swift; sourceTree = "<group>"; };
		DDFB4302259F3633008E87D4 /* menu.json */ = {isa = PBXFileReference; fileEncoding = 4; lastKnownFileType = text.json; path = menu.json; sourceTree = "<group>"; };
		DDFB4305259F364B008E87D4 /* ItemDetails.swift */ = {isa = PBXFileReference; fileEncoding = 4; lastKnownFileType = sourcecode.swift; path = ItemDetails.swift; sourceTree = "<group>"; };
		DDFB4306259F364B008E87D4 /* ItemRow.swift */ = {isa = PBXFileReference; fileEncoding = 4; lastKnownFileType = sourcecode.swift; path = ItemRow.swift; sourceTree = "<group>"; };
		DDFB430C259F371E008E87D4 /* Assets.xcassets */ = {isa = PBXFileReference; lastKnownFileType = folder.assetcatalog; path = Assets.xcassets; sourceTree = "<group>"; };
		DDFB430F259F41F9008E87D4 /* OrderView.swift */ = {isa = PBXFileReference; lastKnownFileType = sourcecode.swift; path = OrderView.swift; sourceTree = "<group>"; };
/* End PBXFileReference section */

/* Begin PBXFrameworksBuildPhase section */
		DDFB42DB259F35C1008E87D4 /* Frameworks */ = {
			isa = PBXFrameworksBuildPhase;
			buildActionMask = 2147483647;
			files = (
			);
			runOnlyForDeploymentPostprocessing = 0;
		};
/* End PBXFrameworksBuildPhase section */

/* Begin PBXGroup section */
		DDFB42D5259F35C1008E87D4 = {
			isa = PBXGroup;
			children = (
				DDFB42E0259F35C1008E87D4 /* SwiftUI-iDine */,
				DDFB42DF259F35C1008E87D4 /* Products */,
			);
			sourceTree = "<group>";
		};
		DDFB42DF259F35C1008E87D4 /* Products */ = {
			isa = PBXGroup;
			children = (
				DDFB42DE259F35C1008E87D4 /* SwiftUI-iDine.app */,
			);
			name = Products;
			sourceTree = "<group>";
		};
		DDFB42E0259F35C1008E87D4 /* SwiftUI-iDine */ = {
			isa = PBXGroup;
			children = (
				DDFB42E1259F35C1008E87D4 /* AppDelegate.swift */,
				DDFB42E3259F35C1008E87D4 /* SceneDelegate.swift */,
				DDFB42F7259F3608008E87D4 /* ContentView.swift */,
				DDFB4306259F364B008E87D4 /* ItemRow.swift */,
				DDFB4305259F364B008E87D4 /* ItemDetails.swift */,
				DDFB430F259F41F9008E87D4 /* OrderView.swift */,
				DDFB42FA259F3618008E87D4 /* Helper.swift */,
				DDFB42FE259F362A008E87D4 /* Menu.swift */,
				DDFB42FD259F362A008E87D4 /* Order.swift */,
				DDFB430C259F371E008E87D4 /* Assets.xcassets */,
				DDFB4302259F3633008E87D4 /* menu.json */,
				DDFB42EC259F35C4008E87D4 /* LaunchScreen.storyboard */,
				DDFB42EF259F35C4008E87D4 /* Info.plist */,
				DDFB42E9259F35C4008E87D4 /* Preview Content */,
			);
			path = "SwiftUI-iDine";
			sourceTree = "<group>";
		};
		DDFB42E9259F35C4008E87D4 /* Preview Content */ = {
			isa = PBXGroup;
			children = (
				DDFB42EA259F35C4008E87D4 /* Preview Assets.xcassets */,
			);
			path = "Preview Content";
			sourceTree = "<group>";
		};
/* End PBXGroup section */

/* Begin PBXNativeTarget section */
		DDFB42DD259F35C1008E87D4 /* SwiftUI-iDine */ = {
			isa = PBXNativeTarget;
			buildConfigurationList = DDFB42F2259F35C4008E87D4 /* Build configuration list for PBXNativeTarget "SwiftUI-iDine" */;
			buildPhases = (
				DDFB42DA259F35C1008E87D4 /* Sources */,
				DDFB42DB259F35C1008E87D4 /* Frameworks */,
				DDFB42DC259F35C1008E87D4 /* Resources */,
			);
			buildRules = (
			);
			dependencies = (
			);
			name = "SwiftUI-iDine";
			productName = "SwiftUI-iDine";
			productReference = DDFB42DE259F35C1008E87D4 /* SwiftUI-iDine.app */;
			productType = "com.apple.product-type.application";
		};
/* End PBXNativeTarget section */

/* Begin PBXProject section */
		DDFB42D6259F35C1008E87D4 /* Project object */ = {
			isa = PBXProject;
			attributes = {
				LastSwiftUpdateCheck = 1230;
				LastUpgradeCheck = 1230;
				TargetAttributes = {
					DDFB42DD259F35C1008E87D4 = {
						CreatedOnToolsVersion = 12.3;
					};
				};
			};
			buildConfigurationList = DDFB42D9259F35C1008E87D4 /* Build configuration list for PBXProject "SwiftUI-iDine" */;
			compatibilityVersion = "Xcode 9.3";
			developmentRegion = en;
			hasScannedForEncodings = 0;
			knownRegions = (
				en,
				Base,
			);
			mainGroup = DDFB42D5259F35C1008E87D4;
			productRefGroup = DDFB42DF259F35C1008E87D4 /* Products */;
			projectDirPath = "";
			projectRoot = "";
			targets = (
				DDFB42DD259F35C1008E87D4 /* SwiftUI-iDine */,
			);
		};
/* End PBXProject section */

/* Begin PBXResourcesBuildPhase section */
		DDFB42DC259F35C1008E87D4 /* Resources */ = {
			isa = PBXResourcesBuildPhase;
			buildActionMask = 2147483647;
			files = (
				DDFB42EE259F35C4008E87D4 /* LaunchScreen.storyboard in Resources */,
				DDFB42EB259F35C4008E87D4 /* Preview Assets.xcassets in Resources */,
				DDFB430D259F371E008E87D4 /* Assets.xcassets in Resources */,
				DDFB4303259F3633008E87D4 /* menu.json in Resources */,
			);
			runOnlyForDeploymentPostprocessing = 0;
		};
/* End PBXResourcesBuildPhase section */

/* Begin PBXSourcesBuildPhase section */
		DDFB42DA259F35C1008E87D4 /* Sources */ = {
			isa = PBXSourcesBuildPhase;
			buildActionMask = 2147483647;
			files = (
				DDFB4300259F362A008E87D4 /* Menu.swift in Sources */,
				DDFB42E2259F35C1008E87D4 /* AppDelegate.swift in Sources */,
				DDFB42E4259F35C1008E87D4 /* SceneDelegate.swift in Sources */,
				DDFB42FF259F362A008E87D4 /* Order.swift in Sources */,
				DDFB4307259F364B008E87D4 /* ItemDetails.swift in Sources */,
				DDFB42F8259F3608008E87D4 /* ContentView.swift in Sources */,
				DDFB4310259F41F9008E87D4 /* OrderView.swift in Sources */,
				DDFB42FB259F3618008E87D4 /* Helper.swift in Sources */,
				DDFB4308259F364B008E87D4 /* ItemRow.swift in Sources */,
			);
			runOnlyForDeploymentPostprocessing = 0;
		};
/* End PBXSourcesBuildPhase section */

/* Begin PBXVariantGroup section */
		DDFB42EC259F35C4008E87D4 /* LaunchScreen.storyboard */ = {
			isa = PBXVariantGroup;
			children = (
				DDFB42ED259F35C4008E87D4 /* Base */,
			);
			name = LaunchScreen.storyboard;
			sourceTree = "<group>";
		};
/* End PBXVariantGroup section */

/* Begin XCBuildConfiguration section */
		DDFB42F0259F35C4008E87D4 /* Debug */ = {
			isa = XCBuildConfiguration;
			buildSettings = {
				ALWAYS_SEARCH_USER_PATHS = NO;
				CLANG_ANALYZER_NONNULL = YES;
				CLANG_ANALYZER_NUMBER_OBJECT_CONVERSION = YES_AGGRESSIVE;
				CLANG_CXX_LANGUAGE_STANDARD = "gnu++14";
				CLANG_CXX_LIBRARY = "libc++";
				CLANG_ENABLE_MODULES = YES;
				CLANG_ENABLE_OBJC_ARC = YES;
				CLANG_ENABLE_OBJC_WEAK = YES;
				CLANG_WARN_BLOCK_CAPTURE_AUTORELEASING = YES;
				CLANG_WARN_BOOL_CONVERSION = YES;
				CLANG_WARN_COMMA = YES;
				CLANG_WARN_CONSTANT_CONVERSION = YES;
				CLANG_WARN_DEPRECATED_OBJC_IMPLEMENTATIONS = YES;
				CLANG_WARN_DIRECT_OBJC_ISA_USAGE = YES_ERROR;
				CLANG_WARN_DOCUMENTATION_COMMENTS = YES;
				CLANG_WARN_EMPTY_BODY = YES;
				CLANG_WARN_ENUM_CONVERSION = YES;
				CLANG_WARN_INFINITE_RECURSION = YES;
				CLANG_WARN_INT_CONVERSION = YES;
				CLANG_WARN_NON_LITERAL_NULL_CONVERSION = YES;
				CLANG_WARN_OBJC_IMPLICIT_RETAIN_SELF = YES;
				CLANG_WARN_OBJC_LITERAL_CONVERSION = YES;
				CLANG_WARN_OBJC_ROOT_CLASS = YES_ERROR;
				CLANG_WARN_QUOTED_INCLUDE_IN_FRAMEWORK_HEADER = YES;
				CLANG_WARN_RANGE_LOOP_ANALYSIS = YES;
				CLANG_WARN_STRICT_PROTOTYPES = YES;
				CLANG_WARN_SUSPICIOUS_MOVE = YES;
				CLANG_WARN_UNGUARDED_AVAILABILITY = YES_AGGRESSIVE;
				CLANG_WARN_UNREACHABLE_CODE = YES;
				CLANG_WARN__DUPLICATE_METHOD_MATCH = YES;
				COPY_PHASE_STRIP = NO;
				DEBUG_INFORMATION_FORMAT = dwarf;
				ENABLE_STRICT_OBJC_MSGSEND = YES;
				ENABLE_TESTABILITY = YES;
				GCC_C_LANGUAGE_STANDARD = gnu11;
				GCC_DYNAMIC_NO_PIC = NO;
				GCC_NO_COMMON_BLOCKS = YES;
				GCC_OPTIMIZATION_LEVEL = 0;
				GCC_PREPROCESSOR_DEFINITIONS = (
					"DEBUG=1",
					"$(inherited)",
				);
				GCC_WARN_64_TO_32_BIT_CONVERSION = YES;
				GCC_WARN_ABOUT_RETURN_TYPE = YES_ERROR;
				GCC_WARN_UNDECLARED_SELECTOR = YES;
				GCC_WARN_UNINITIALIZED_AUTOS = YES_AGGRESSIVE;
				GCC_WARN_UNUSED_FUNCTION = YES;
				GCC_WARN_UNUSED_VARIABLE = YES;
				IPHONEOS_DEPLOYMENT_TARGET = 14.3;
				MTL_ENABLE_DEBUG_INFO = INCLUDE_SOURCE;
				MTL_FAST_MATH = YES;
				ONLY_ACTIVE_ARCH = YES;
				SDKROOT = iphoneos;
				SWIFT_ACTIVE_COMPILATION_CONDITIONS = DEBUG;
				SWIFT_OPTIMIZATION_LEVEL = "-Onone";
			};
			name = Debug;
		};
		DDFB42F1259F35C4008E87D4 /* Release */ = {
			isa = XCBuildConfiguration;
			buildSettings = {
				ALWAYS_SEARCH_USER_PATHS = NO;
				CLANG_ANALYZER_NONNULL = YES;
				CLANG_ANALYZER_NUMBER_OBJECT_CONVERSION = YES_AGGRESSIVE;
				CLANG_CXX_LANGUAGE_STANDARD = "gnu++14";
				CLANG_CXX_LIBRARY = "libc++";
				CLANG_ENABLE_MODULES = YES;
				CLANG_ENABLE_OBJC_ARC = YES;
				CLANG_ENABLE_OBJC_WEAK = YES;
				CLANG_WARN_BLOCK_CAPTURE_AUTORELEASING = YES;
				CLANG_WARN_BOOL_CONVERSION = YES;
				CLANG_WARN_COMMA = YES;
				CLANG_WARN_CONSTANT_CONVERSION = YES;
				CLANG_WARN_DEPRECATED_OBJC_IMPLEMENTATIONS = YES;
				CLANG_WARN_DIRECT_OBJC_ISA_USAGE = YES_ERROR;
				CLANG_WARN_DOCUMENTATION_COMMENTS = YES;
				CLANG_WARN_EMPTY_BODY = YES;
				CLANG_WARN_ENUM_CONVERSION = YES;
				CLANG_WARN_INFINITE_RECURSION = YES;
				CLANG_WARN_INT_CONVERSION = YES;
				CLANG_WARN_NON_LITERAL_NULL_CONVERSION = YES;
				CLANG_WARN_OBJC_IMPLICIT_RETAIN_SELF = YES;
				CLANG_WARN_OBJC_LITERAL_CONVERSION = YES;
				CLANG_WARN_OBJC_ROOT_CLASS = YES_ERROR;
				CLANG_WARN_QUOTED_INCLUDE_IN_FRAMEWORK_HEADER = YES;
				CLANG_WARN_RANGE_LOOP_ANALYSIS = YES;
				CLANG_WARN_STRICT_PROTOTYPES = YES;
				CLANG_WARN_SUSPICIOUS_MOVE = YES;
				CLANG_WARN_UNGUARDED_AVAILABILITY = YES_AGGRESSIVE;
				CLANG_WARN_UNREACHABLE_CODE = YES;
				CLANG_WARN__DUPLICATE_METHOD_MATCH = YES;
				COPY_PHASE_STRIP = NO;
				DEBUG_INFORMATION_FORMAT = "dwarf-with-dsym";
				ENABLE_NS_ASSERTIONS = NO;
				ENABLE_STRICT_OBJC_MSGSEND = YES;
				GCC_C_LANGUAGE_STANDARD = gnu11;
				GCC_NO_COMMON_BLOCKS = YES;
				GCC_WARN_64_TO_32_BIT_CONVERSION = YES;
				GCC_WARN_ABOUT_RETURN_TYPE = YES_ERROR;
				GCC_WARN_UNDECLARED_SELECTOR = YES;
				GCC_WARN_UNINITIALIZED_AUTOS = YES_AGGRESSIVE;
				GCC_WARN_UNUSED_FUNCTION = YES;
				GCC_WARN_UNUSED_VARIABLE = YES;
				IPHONEOS_DEPLOYMENT_TARGET = 14.3;
				MTL_ENABLE_DEBUG_INFO = NO;
				MTL_FAST_MATH = YES;
				SDKROOT = iphoneos;
				SWIFT_COMPILATION_MODE = wholemodule;
				SWIFT_OPTIMIZATION_LEVEL = "-O";
				VALIDATE_PRODUCT = YES;
			};
			name = Release;
		};
		DDFB42F3259F35C4008E87D4 /* Debug */ = {
			isa = XCBuildConfiguration;
			buildSettings = {
				ASSETCATALOG_COMPILER_APPICON_NAME = AppIcon;
				ASSETCATALOG_COMPILER_GLOBAL_ACCENT_COLOR_NAME = AccentColor;
				CODE_SIGN_STYLE = Automatic;
				DEVELOPMENT_ASSET_PATHS = "\"SwiftUI-iDine/Preview Content\"";
				DEVELOPMENT_TEAM = VQC8GQ2572;
				ENABLE_PREVIEWS = YES;
				INFOPLIST_FILE = "SwiftUI-iDine/Info.plist";
				LD_RUNPATH_SEARCH_PATHS = (
					"$(inherited)",
					"@executable_path/Frameworks",
				);
				PRODUCT_BUNDLE_IDENTIFIER = "Z5X.SwiftUI-iDine";
				PRODUCT_NAME = "$(TARGET_NAME)";
				SWIFT_VERSION = 5.0;
				TARGETED_DEVICE_FAMILY = "1,2";
			};
			name = Debug;
		};
		DDFB42F4259F35C4008E87D4 /* Release */ = {
			isa = XCBuildConfiguration;
			buildSettings = {
				ASSETCATALOG_COMPILER_APPICON_NAME = AppIcon;
				ASSETCATALOG_COMPILER_GLOBAL_ACCENT_COLOR_NAME = AccentColor;
				CODE_SIGN_STYLE = Automatic;
				DEVELOPMENT_ASSET_PATHS = "\"SwiftUI-iDine/Preview Content\"";
				DEVELOPMENT_TEAM = VQC8GQ2572;
				ENABLE_PREVIEWS = YES;
				INFOPLIST_FILE = "SwiftUI-iDine/Info.plist";
				LD_RUNPATH_SEARCH_PATHS = (
					"$(inherited)",
					"@executable_path/Frameworks",
				);
				PRODUCT_BUNDLE_IDENTIFIER = "Z5X.SwiftUI-iDine";
				PRODUCT_NAME = "$(TARGET_NAME)";
				SWIFT_VERSION = 5.0;
				TARGETED_DEVICE_FAMILY = "1,2";
			};
			name = Release;
		};
/* End XCBuildConfiguration section */

/* Begin XCConfigurationList section */
		DDFB42D9259F35C1008E87D4 /* Build configuration list for PBXProject "SwiftUI-iDine" */ = {
			isa = XCConfigurationList;
			buildConfigurations = (
				DDFB42F0259F35C4008E87D4 /* Debug */,
				DDFB42F1259F35C4008E87D4 /* Release */,
			);
			defaultConfigurationIsVisible = 0;
			defaultConfigurationName = Release;
		};
		DDFB42F2259F35C4008E87D4 /* Build configuration list for PBXNativeTarget "SwiftUI-iDine" */ = {
			isa = XCConfigurationList;
			buildConfigurations = (
				DDFB42F3259F35C4008E87D4 /* Debug */,
				DDFB42F4259F35C4008E87D4 /* Release */,
			);
			defaultConfigurationIsVisible = 0;
			defaultConfigurationName = Release;
		};
/* End XCConfigurationList section */
	};
	rootObject = DDFB42D6259F35C1008E87D4 /* Project object */;
}
